// !$*UTF8*$!
{
	archiveVersion = 1;
	classes = {
	};
	objectVersion = 56;
	objects = {

/* Begin PBXBuildFile section */
		52A7AF552BBBA2FE00DABD4E /* AppDelegate.swift in Sources */ = {isa = PBXBuildFile; fileRef = 52A7AF542BBBA2FE00DABD4E /* AppDelegate.swift */; };
		52A7AF572BBBA2FE00DABD4E /* SceneDelegate.swift in Sources */ = {isa = PBXBuildFile; fileRef = 52A7AF562BBBA2FE00DABD4E /* SceneDelegate.swift */; };
		52A7AF612BBBA2FF00DABD4E /* LaunchScreen.storyboard in Resources */ = {isa = PBXBuildFile; fileRef = 52A7AF5F2BBBA2FF00DABD4E /* LaunchScreen.storyboard */; };
		52A7AF692BBBA39300DABD4E /* Main.storyboard in Resources */ = {isa = PBXBuildFile; fileRef = 52A7AF682BBBA39300DABD4E /* Main.storyboard */; };
		52A7AF6B2BBBA3A100DABD4E /* appleItems.swift in Sources */ = {isa = PBXBuildFile; fileRef = 52A7AF6A2BBBA3A100DABD4E /* appleItems.swift */; };
		52A7AF6D2BBBA3A600DABD4E /* BottomCell.swift in Sources */ = {isa = PBXBuildFile; fileRef = 52A7AF6C2BBBA3A600DABD4E /* BottomCell.swift */; };
		52A7AF6F2BBBA3B000DABD4E /* ViewController.swift in Sources */ = {isa = PBXBuildFile; fileRef = 52A7AF6E2BBBA3B000DABD4E /* ViewController.swift */; };
		52A7AF712BBBA3BE00DABD4E /* Assets.xcassets in Resources */ = {isa = PBXBuildFile; fileRef = 52A7AF702BBBA3BE00DABD4E /* Assets.xcassets */; };
		FA27C7E82BBE746600937293 /* SecondViewController.swift in Sources */ = {isa = PBXBuildFile; fileRef = FA27C7E72BBE746600937293 /* SecondViewController.swift */; };
		FA27C7EA2BBE747900937293 /* SecondStoryboard.storyboard in Resources */ = {isa = PBXBuildFile; fileRef = FA27C7E92BBE747900937293 /* SecondStoryboard.storyboard */; };
		FAAC02562BBBCF2800BC98D5 /* MiddleCell.swift in Sources */ = {isa = PBXBuildFile; fileRef = FAAC02552BBBCF2800BC98D5 /* MiddleCell.swift */; };
		FAAC02582BBBEA7100BC98D5 /* DataManager.swift in Sources */ = {isa = PBXBuildFile; fileRef = FAAC02572BBBEA7100BC98D5 /* DataManager.swift */; };
/* End PBXBuildFile section */

/* Begin PBXFileReference section */
		52A7AF512BBBA2FE00DABD4E /* KIOSK.app */ = {isa = PBXFileReference; explicitFileType = wrapper.application; includeInIndex = 0; path = KIOSK.app; sourceTree = BUILT_PRODUCTS_DIR; };
		52A7AF542BBBA2FE00DABD4E /* AppDelegate.swift */ = {isa = PBXFileReference; lastKnownFileType = sourcecode.swift; path = AppDelegate.swift; sourceTree = "<group>"; };
		52A7AF562BBBA2FE00DABD4E /* SceneDelegate.swift */ = {isa = PBXFileReference; lastKnownFileType = sourcecode.swift; path = SceneDelegate.swift; sourceTree = "<group>"; };
		52A7AF602BBBA2FF00DABD4E /* Base */ = {isa = PBXFileReference; lastKnownFileType = file.storyboard; name = Base; path = Base.lproj/LaunchScreen.storyboard; sourceTree = "<group>"; };
		52A7AF622BBBA2FF00DABD4E /* Info.plist */ = {isa = PBXFileReference; lastKnownFileType = text.plist.xml; path = Info.plist; sourceTree = "<group>"; };
		52A7AF682BBBA39300DABD4E /* Main.storyboard */ = {isa = PBXFileReference; fileEncoding = 4; lastKnownFileType = file.storyboard; path = Main.storyboard; sourceTree = "<group>"; };
		52A7AF6A2BBBA3A100DABD4E /* appleItems.swift */ = {isa = PBXFileReference; fileEncoding = 4; lastKnownFileType = sourcecode.swift; path = appleItems.swift; sourceTree = "<group>"; };
		52A7AF6C2BBBA3A600DABD4E /* BottomCell.swift */ = {isa = PBXFileReference; fileEncoding = 4; lastKnownFileType = sourcecode.swift; path = BottomCell.swift; sourceTree = "<group>"; };
		52A7AF6E2BBBA3B000DABD4E /* ViewController.swift */ = {isa = PBXFileReference; fileEncoding = 4; lastKnownFileType = sourcecode.swift; path = ViewController.swift; sourceTree = "<group>"; };
		52A7AF702BBBA3BE00DABD4E /* Assets.xcassets */ = {isa = PBXFileReference; lastKnownFileType = folder.assetcatalog; path = Assets.xcassets; sourceTree = "<group>"; };
		FA27C7E72BBE746600937293 /* SecondViewController.swift */ = {isa = PBXFileReference; fileEncoding = 4; lastKnownFileType = sourcecode.swift; path = SecondViewController.swift; sourceTree = "<group>"; };
		FA27C7E92BBE747900937293 /* SecondStoryboard.storyboard */ = {isa = PBXFileReference; fileEncoding = 4; lastKnownFileType = file.storyboard; path = SecondStoryboard.storyboard; sourceTree = "<group>"; };
		FAAC02552BBBCF2800BC98D5 /* MiddleCell.swift */ = {isa = PBXFileReference; lastKnownFileType = sourcecode.swift; path = MiddleCell.swift; sourceTree = "<group>"; };
		FAAC02572BBBEA7100BC98D5 /* DataManager.swift */ = {isa = PBXFileReference; lastKnownFileType = sourcecode.swift; path = DataManager.swift; sourceTree = "<group>"; };
/* End PBXFileReference section */

/* Begin PBXFrameworksBuildPhase section */
		52A7AF4E2BBBA2FE00DABD4E /* Frameworks */ = {
			isa = PBXFrameworksBuildPhase;
			buildActionMask = 2147483647;
			files = (
			);
			runOnlyForDeploymentPostprocessing = 0;
		};
/* End PBXFrameworksBuildPhase section */

/* Begin PBXGroup section */
		52A7AF482BBBA2FE00DABD4E = {
			isa = PBXGroup;
			children = (
				52A7AF532BBBA2FE00DABD4E /* KIOSK */,
				52A7AF522BBBA2FE00DABD4E /* Products */,
			);
			sourceTree = "<group>";
		};
		52A7AF522BBBA2FE00DABD4E /* Products */ = {
			isa = PBXGroup;
			children = (
				52A7AF512BBBA2FE00DABD4E /* KIOSK.app */,
			);
			name = Products;
			sourceTree = "<group>";
		};
		52A7AF532BBBA2FE00DABD4E /* KIOSK */ = {
			isa = PBXGroup;
			children = (
				52A7AF542BBBA2FE00DABD4E /* AppDelegate.swift */,
				52A7AF562BBBA2FE00DABD4E /* SceneDelegate.swift */,
				52A7AF742BBBA3DB00DABD4E /* models */,
				52A7AF732BBBA3D600DABD4E /* views */,
				52A7AF722BBBA3CA00DABD4E /* controllers */,
				52A7AF702BBBA3BE00DABD4E /* Assets.xcassets */,
				52A7AF622BBBA2FF00DABD4E /* Info.plist */,
			);
			path = KIOSK;
			sourceTree = "<group>";
		};
		52A7AF722BBBA3CA00DABD4E /* controllers */ = {
			isa = PBXGroup;
			children = (
				FA27C7E72BBE746600937293 /* SecondViewController.swift */,
				52A7AF6E2BBBA3B000DABD4E /* ViewController.swift */,
			);
			path = controllers;
			sourceTree = "<group>";
		};
		52A7AF732BBBA3D600DABD4E /* views */ = {
			isa = PBXGroup;
			children = (
				52A7AF682BBBA39300DABD4E /* Main.storyboard */,
				52A7AF5F2BBBA2FF00DABD4E /* LaunchScreen.storyboard */,
				FA27C7E92BBE747900937293 /* SecondStoryboard.storyboard */,
			);
			path = views;
			sourceTree = "<group>";
		};
		52A7AF742BBBA3DB00DABD4E /* models */ = {
			isa = PBXGroup;
			children = (
				52A7AF6A2BBBA3A100DABD4E /* appleItems.swift */,
				52A7AF6C2BBBA3A600DABD4E /* BottomCell.swift */,
				FAAC02552BBBCF2800BC98D5 /* MiddleCell.swift */,
				FAAC02572BBBEA7100BC98D5 /* DataManager.swift */,
			);
			path = models;
			sourceTree = "<group>";
		};
/* End PBXGroup section */

/* Begin PBXNativeTarget section */
		52A7AF502BBBA2FE00DABD4E /* KIOSK */ = {
			isa = PBXNativeTarget;
			buildConfigurationList = 52A7AF652BBBA2FF00DABD4E /* Build configuration list for PBXNativeTarget "KIOSK" */;
			buildPhases = (
				52A7AF4D2BBBA2FE00DABD4E /* Sources */,
				52A7AF4E2BBBA2FE00DABD4E /* Frameworks */,
				52A7AF4F2BBBA2FE00DABD4E /* Resources */,
			);
			buildRules = (
			);
			dependencies = (
			);
			name = KIOSK;
			productName = KIOSK;
			productReference = 52A7AF512BBBA2FE00DABD4E /* KIOSK.app */;
			productType = "com.apple.product-type.application";
		};
/* End PBXNativeTarget section */

/* Begin PBXProject section */
		52A7AF492BBBA2FE00DABD4E /* Project object */ = {
			isa = PBXProject;
			attributes = {
				BuildIndependentTargetsInParallel = 1;
				LastSwiftUpdateCheck = 1500;
				LastUpgradeCheck = 1500;
				TargetAttributes = {
					52A7AF502BBBA2FE00DABD4E = {
						CreatedOnToolsVersion = 15.0.1;
					};
				};
			};
			buildConfigurationList = 52A7AF4C2BBBA2FE00DABD4E /* Build configuration list for PBXProject "KIOSK" */;
			compatibilityVersion = "Xcode 14.0";
			developmentRegion = en;
			hasScannedForEncodings = 0;
			knownRegions = (
				en,
				Base,
			);
			mainGroup = 52A7AF482BBBA2FE00DABD4E;
			productRefGroup = 52A7AF522BBBA2FE00DABD4E /* Products */;
			projectDirPath = "";
			projectRoot = "";
			targets = (
				52A7AF502BBBA2FE00DABD4E /* KIOSK */,
			);
		};
/* End PBXProject section */

/* Begin PBXResourcesBuildPhase section */
		52A7AF4F2BBBA2FE00DABD4E /* Resources */ = {
			isa = PBXResourcesBuildPhase;
			buildActionMask = 2147483647;
			files = (
				52A7AF692BBBA39300DABD4E /* Main.storyboard in Resources */,
				FA27C7EA2BBE747900937293 /* SecondStoryboard.storyboard in Resources */,
				52A7AF712BBBA3BE00DABD4E /* Assets.xcassets in Resources */,
				52A7AF612BBBA2FF00DABD4E /* LaunchScreen.storyboard in Resources */,
			);
			runOnlyForDeploymentPostprocessing = 0;
		};
/* End PBXResourcesBuildPhase section */

/* Begin PBXSourcesBuildPhase section */
		52A7AF4D2BBBA2FE00DABD4E /* Sources */ = {
			isa = PBXSourcesBuildPhase;
			buildActionMask = 2147483647;
			files = (
				FAAC02562BBBCF2800BC98D5 /* MiddleCell.swift in Sources */,
				52A7AF6F2BBBA3B000DABD4E /* ViewController.swift in Sources */,
				52A7AF6D2BBBA3A600DABD4E /* BottomCell.swift in Sources */,
				FAAC02582BBBEA7100BC98D5 /* DataManager.swift in Sources */,
				52A7AF552BBBA2FE00DABD4E /* AppDelegate.swift in Sources */,
				52A7AF572BBBA2FE00DABD4E /* SceneDelegate.swift in Sources */,
				FA27C7E82BBE746600937293 /* SecondViewController.swift in Sources */,
				52A7AF6B2BBBA3A100DABD4E /* appleItems.swift in Sources */,
			);
			runOnlyForDeploymentPostprocessing = 0;
		};
/* End PBXSourcesBuildPhase section */

/* Begin PBXVariantGroup section */
		52A7AF5F2BBBA2FF00DABD4E /* LaunchScreen.storyboard */ = {
			isa = PBXVariantGroup;
			children = (
				52A7AF602BBBA2FF00DABD4E /* Base */,
			);
			name = LaunchScreen.storyboard;
			sourceTree = "<group>";
		};
/* End PBXVariantGroup section */

/* Begin XCBuildConfiguration section */
		52A7AF632BBBA2FF00DABD4E /* Debug */ = {
			isa = XCBuildConfiguration;
			buildSettings = {
				ALWAYS_SEARCH_USER_PATHS = NO;
				ASSETCATALOG_COMPILER_GENERATE_SWIFT_ASSET_SYMBOL_EXTENSIONS = YES;
				CLANG_ANALYZER_NONNULL = YES;
				CLANG_ANALYZER_NUMBER_OBJECT_CONVERSION = YES_AGGRESSIVE;
				CLANG_CXX_LANGUAGE_STANDARD = "gnu++20";
				CLANG_ENABLE_MODULES = YES;
				CLANG_ENABLE_OBJC_ARC = YES;
				CLANG_ENABLE_OBJC_WEAK = YES;
				CLANG_WARN_BLOCK_CAPTURE_AUTORELEASING = YES;
				CLANG_WARN_BOOL_CONVERSION = YES;
				CLANG_WARN_COMMA = YES;
				CLANG_WARN_CONSTANT_CONVERSION = YES;
				CLANG_WARN_DEPRECATED_OBJC_IMPLEMENTATIONS = YES;
				CLANG_WARN_DIRECT_OBJC_ISA_USAGE = YES_ERROR;
				CLANG_WARN_DOCUMENTATION_COMMENTS = YES;
				CLANG_WARN_EMPTY_BODY = YES;
				CLANG_WARN_ENUM_CONVERSION = YES;
				CLANG_WARN_INFINITE_RECURSION = YES;
				CLANG_WARN_INT_CONVERSION = YES;
				CLANG_WARN_NON_LITERAL_NULL_CONVERSION = YES;
				CLANG_WARN_OBJC_IMPLICIT_RETAIN_SELF = YES;
				CLANG_WARN_OBJC_LITERAL_CONVERSION = YES;
				CLANG_WARN_OBJC_ROOT_CLASS = YES_ERROR;
				CLANG_WARN_QUOTED_INCLUDE_IN_FRAMEWORK_HEADER = YES;
				CLANG_WARN_RANGE_LOOP_ANALYSIS = YES;
				CLANG_WARN_STRICT_PROTOTYPES = YES;
				CLANG_WARN_SUSPICIOUS_MOVE = YES;
				CLANG_WARN_UNGUARDED_AVAILABILITY = YES_AGGRESSIVE;
				CLANG_WARN_UNREACHABLE_CODE = YES;
				CLANG_WARN__DUPLICATE_METHOD_MATCH = YES;
				COPY_PHASE_STRIP = NO;
				DEBUG_INFORMATION_FORMAT = dwarf;
				ENABLE_STRICT_OBJC_MSGSEND = YES;
				ENABLE_TESTABILITY = YES;
				ENABLE_USER_SCRIPT_SANDBOXING = YES;
				GCC_C_LANGUAGE_STANDARD = gnu17;
				GCC_DYNAMIC_NO_PIC = NO;
				GCC_NO_COMMON_BLOCKS = YES;
				GCC_OPTIMIZATION_LEVEL = 0;
				GCC_PREPROCESSOR_DEFINITIONS = (
					"DEBUG=1",
					"$(inherited)",
				);
				GCC_WARN_64_TO_32_BIT_CONVERSION = YES;
				GCC_WARN_ABOUT_RETURN_TYPE = YES_ERROR;
				GCC_WARN_UNDECLARED_SELECTOR = YES;
				GCC_WARN_UNINITIALIZED_AUTOS = YES_AGGRESSIVE;
				GCC_WARN_UNUSED_FUNCTION = YES;
				GCC_WARN_UNUSED_VARIABLE = YES;
				IPHONEOS_DEPLOYMENT_TARGET = 17.0;
				LOCALIZATION_PREFERS_STRING_CATALOGS = YES;
				MTL_ENABLE_DEBUG_INFO = INCLUDE_SOURCE;
				MTL_FAST_MATH = YES;
				ONLY_ACTIVE_ARCH = YES;
				SDKROOT = iphoneos;
				SWIFT_ACTIVE_COMPILATION_CONDITIONS = "DEBUG $(inherited)";
				SWIFT_OPTIMIZATION_LEVEL = "-Onone";
			};
			name = Debug;
		};
		52A7AF642BBBA2FF00DABD4E /* Release */ = {
			isa = XCBuildConfiguration;
			buildSettings = {
				ALWAYS_SEARCH_USER_PATHS = NO;
				ASSETCATALOG_COMPILER_GENERATE_SWIFT_ASSET_SYMBOL_EXTENSIONS = YES;
				CLANG_ANALYZER_NONNULL = YES;
				CLANG_ANALYZER_NUMBER_OBJECT_CONVERSION = YES_AGGRESSIVE;
				CLANG_CXX_LANGUAGE_STANDARD = "gnu++20";
				CLANG_ENABLE_MODULES = YES;
				CLANG_ENABLE_OBJC_ARC = YES;
				CLANG_ENABLE_OBJC_WEAK = YES;
				CLANG_WARN_BLOCK_CAPTURE_AUTORELEASING = YES;
				CLANG_WARN_BOOL_CONVERSION = YES;
				CLANG_WARN_COMMA = YES;
				CLANG_WARN_CONSTANT_CONVERSION = YES;
				CLANG_WARN_DEPRECATED_OBJC_IMPLEMENTATIONS = YES;
				CLANG_WARN_DIRECT_OBJC_ISA_USAGE = YES_ERROR;
				CLANG_WARN_DOCUMENTATION_COMMENTS = YES;
				CLANG_WARN_EMPTY_BODY = YES;
				CLANG_WARN_ENUM_CONVERSION = YES;
				CLANG_WARN_INFINITE_RECURSION = YES;
				CLANG_WARN_INT_CONVERSION = YES;
				CLANG_WARN_NON_LITERAL_NULL_CONVERSION = YES;
				CLANG_WARN_OBJC_IMPLICIT_RETAIN_SELF = YES;
				CLANG_WARN_OBJC_LITERAL_CONVERSION = YES;
				CLANG_WARN_OBJC_ROOT_CLASS = YES_ERROR;
				CLANG_WARN_QUOTED_INCLUDE_IN_FRAMEWORK_HEADER = YES;
				CLANG_WARN_RANGE_LOOP_ANALYSIS = YES;
				CLANG_WARN_STRICT_PROTOTYPES = YES;
				CLANG_WARN_SUSPICIOUS_MOVE = YES;
				CLANG_WARN_UNGUARDED_AVAILABILITY = YES_AGGRESSIVE;
				CLANG_WARN_UNREACHABLE_CODE = YES;
				CLANG_WARN__DUPLICATE_METHOD_MATCH = YES;
				COPY_PHASE_STRIP = NO;
				DEBUG_INFORMATION_FORMAT = "dwarf-with-dsym";
				ENABLE_NS_ASSERTIONS = NO;
				ENABLE_STRICT_OBJC_MSGSEND = YES;
				ENABLE_USER_SCRIPT_SANDBOXING = YES;
				GCC_C_LANGUAGE_STANDARD = gnu17;
				GCC_NO_COMMON_BLOCKS = YES;
				GCC_WARN_64_TO_32_BIT_CONVERSION = YES;
				GCC_WARN_ABOUT_RETURN_TYPE = YES_ERROR;
				GCC_WARN_UNDECLARED_SELECTOR = YES;
				GCC_WARN_UNINITIALIZED_AUTOS = YES_AGGRESSIVE;
				GCC_WARN_UNUSED_FUNCTION = YES;
				GCC_WARN_UNUSED_VARIABLE = YES;
				IPHONEOS_DEPLOYMENT_TARGET = 17.0;
				LOCALIZATION_PREFERS_STRING_CATALOGS = YES;
				MTL_ENABLE_DEBUG_INFO = NO;
				MTL_FAST_MATH = YES;
				SDKROOT = iphoneos;
				SWIFT_COMPILATION_MODE = wholemodule;
				VALIDATE_PRODUCT = YES;
			};
			name = Release;
		};
		52A7AF662BBBA2FF00DABD4E /* Debug */ = {
			isa = XCBuildConfiguration;
			buildSettings = {
				ASSETCATALOG_COMPILER_APPICON_NAME = AppIcon;
				ASSETCATALOG_COMPILER_GLOBAL_ACCENT_COLOR_NAME = AccentColor;
				CODE_SIGN_STYLE = Automatic;
				CURRENT_PROJECT_VERSION = 1;
				GENERATE_INFOPLIST_FILE = YES;
				INFOPLIST_FILE = KIOSK/Info.plist;
				INFOPLIST_KEY_UIApplicationSupportsIndirectInputEvents = YES;
				INFOPLIST_KEY_UILaunchStoryboardName = LaunchScreen;
				INFOPLIST_KEY_UIMainStoryboardFile = Main;
				INFOPLIST_KEY_UISupportedInterfaceOrientations_iPad = "UIInterfaceOrientationPortrait UIInterfaceOrientationPortraitUpsideDown UIInterfaceOrientationLandscapeLeft UIInterfaceOrientationLandscapeRight";
				INFOPLIST_KEY_UISupportedInterfaceOrientations_iPhone = "UIInterfaceOrientationPortrait UIInterfaceOrientationLandscapeLeft UIInterfaceOrientationLandscapeRight";
				IPHONEOS_DEPLOYMENT_TARGET = 14.0;
				LD_RUNPATH_SEARCH_PATHS = (
					"$(inherited)",
					"@executable_path/Frameworks",
				);
				MARKETING_VERSION = 1.0;
				PRODUCT_BUNDLE_IDENTIFIER = com.sngsp.KIOSK;
				PRODUCT_NAME = "$(TARGET_NAME)";
				SUPPORTED_PLATFORMS = "iphoneos iphonesimulator";
				SUPPORTS_MACCATALYST = NO;
				SUPPORTS_MAC_DESIGNED_FOR_IPHONE_IPAD = NO;
				SWIFT_EMIT_LOC_STRINGS = YES;
				SWIFT_VERSION = 5.0;
				TARGETED_DEVICE_FAMILY = 1;
			};
			name = Debug;
		};
		52A7AF672BBBA2FF00DABD4E /* Release */ = {
			isa = XCBuildConfiguration;
			buildSettings = {
				ASSETCATALOG_COMPILER_APPICON_NAME = AppIcon;
				ASSETCATALOG_COMPILER_GLOBAL_ACCENT_COLOR_NAME = AccentColor;
				CODE_SIGN_STYLE = Automatic;
				CURRENT_PROJECT_VERSION = 1;
				GENERATE_INFOPLIST_FILE = YES;
				INFOPLIST_FILE = KIOSK/Info.plist;
				INFOPLIST_KEY_UIApplicationSupportsIndirectInputEvents = YES;
				INFOPLIST_KEY_UILaunchStoryboardName = LaunchScreen;
				INFOPLIST_KEY_UIMainStoryboardFile = Main;
				INFOPLIST_KEY_UISupportedInterfaceOrientations_iPad = "UIInterfaceOrientationPortrait UIInterfaceOrientationPortraitUpsideDown UIInterfaceOrientationLandscapeLeft UIInterfaceOrientationLandscapeRight";
				INFOPLIST_KEY_UISupportedInterfaceOrientations_iPhone = "UIInterfaceOrientationPortrait UIInterfaceOrientationLandscapeLeft UIInterfaceOrientationLandscapeRight";
				IPHONEOS_DEPLOYMENT_TARGET = 14.0;
				LD_RUNPATH_SEARCH_PATHS = (
					"$(inherited)",
					"@executable_path/Frameworks",
				);
				MARKETING_VERSION = 1.0;
				PRODUCT_BUNDLE_IDENTIFIER = com.sngsp.KIOSK;
				PRODUCT_NAME = "$(TARGET_NAME)";
				SUPPORTED_PLATFORMS = "iphoneos iphonesimulator";
				SUPPORTS_MACCATALYST = NO;
				SUPPORTS_MAC_DESIGNED_FOR_IPHONE_IPAD = NO;
				SWIFT_EMIT_LOC_STRINGS = YES;
				SWIFT_VERSION = 5.0;
				TARGETED_DEVICE_FAMILY = 1;
			};
			name = Release;
		};
/* End XCBuildConfiguration section */

/* Begin XCConfigurationList section */
		52A7AF4C2BBBA2FE00DABD4E /* Build configuration list for PBXProject "KIOSK" */ = {
			isa = XCConfigurationList;
			buildConfigurations = (
				52A7AF632BBBA2FF00DABD4E /* Debug */,
				52A7AF642BBBA2FF00DABD4E /* Release */,
			);
			defaultConfigurationIsVisible = 0;
			defaultConfigurationName = Release;
		};
		52A7AF652BBBA2FF00DABD4E /* Build configuration list for PBXNativeTarget "KIOSK" */ = {
			isa = XCConfigurationList;
			buildConfigurations = (
				52A7AF662BBBA2FF00DABD4E /* Debug */,
				52A7AF672BBBA2FF00DABD4E /* Release */,
			);
			defaultConfigurationIsVisible = 0;
			defaultConfigurationName = Release;
		};
/* End XCConfigurationList section */
	};
	rootObject = 52A7AF492BBBA2FE00DABD4E /* Project object */;
}
